
Microsoft Visual Studio Solution File, Format Version 12.00
# Visual Studio Version 16
VisualStudioVersion = 16.0.30503.244
MinimumVisualStudioVersion = 10.0.40219.1
Project("{FAE04EC0-301F-11D3-BF4B-00C04F79EFBC}") = "WindowsFormsApp1", "WindowsFormsApp1\WindowsFormsApp1.csproj", "{5B2185D3-2149-4C57-BD74-86BD3729BE8E}"
	ProjectSection(ProjectDependencies) = postProject
		{AF34982E-16B2-49C0-8873-F27BCF2FB4DF} = {AF34982E-16B2-49C0-8873-F27BCF2FB4DF}
	EndProjectSection
EndProject
Project("{FAE04EC0-301F-11D3-BF4B-00C04F79EFBC}") = "Zub_lib", "Zub_lib\Zub_lib.csproj", "{AF34982E-16B2-49C0-8873-F27BCF2FB4DF}"
EndProject
Global
	GlobalSection(SolutionConfigurationPlatforms) = preSolution
		Debug|Any CPU = Debug|Any CPU
		Release|Any CPU = Release|Any CPU
	EndGlobalSection
	GlobalSection(ProjectConfigurationPlatforms) = postSolution
		{5B2185D3-2149-4C57-BD74-86BD3729BE8E}.Debug|Any CPU.ActiveCfg = Debug|Any CPU
		{5B2185D3-2149-4C57-BD74-86BD3729BE8E}.Debug|Any CPU.Build.0 = Debug|Any CPU
		{5B2185D3-2149-4C57-BD74-86BD3729BE8E}.Release|Any CPU.ActiveCfg = Release|Any CPU
		{5B2185D3-2149-4C57-BD74-86BD3729BE8E}.Release|Any CPU.Build.0 = Release|Any CPU
		{AF34982E-16B2-49C0-8873-F27BCF2FB4DF}.Debug|Any CPU.ActiveCfg = Debug|Any CPU
		{AF34982E-16B2-49C0-8873-F27BCF2FB4DF}.Debug|Any CPU.Build.0 = Debug|Any CPU
		{AF34982E-16B2-49C0-8873-F27BCF2FB4DF}.Release|Any CPU.ActiveCfg = Release|Any CPU
		{AF34982E-16B2-49C0-8873-F27BCF2FB4DF}.Release|Any CPU.Build.0 = Release|Any CPU
	EndGlobalSection
	GlobalSection(SolutionProperties) = preSolution
		HideSolutionNode = FALSE
	EndGlobalSection
	GlobalSection(ExtensibilityGlobals) = postSolution
		SolutionGuid = {36DDC59C-C82F-4F62-BA00-DCDF7A9B557A}
	EndGlobalSection
EndGlobal
